{
    "name": "react-vapor-demo",
    "version": "9.27.1",
    "lockfileVersion": 1,
    "requires": true,
    "dependencies": {
        "diff2html": {
            "version": "3.1.8",
            "resolved": "https://registry.npmjs.org/diff2html/-/diff2html-3.1.8.tgz",
            "integrity": "sha512-Irnht4VZ/Nd15H2jhC/TV3YPAmILbDutiwJWn1V94J6/mY6JY/iJ4FCh/QmENL1CWqGvckKWgCQnNg5Unez3UA==",
            "requires": {
                "diff": "4.0.2",
                "highlight.js": "10.0.2",
                "hogan.js": "3.0.2"
            },
            "dependencies": {
                "abbrev": {
                    "version": "1.1.1",
                    "resolved": "https://registry.npmjs.org/abbrev/-/abbrev-1.1.1.tgz",
                    "integrity": "sha512-nne9/IiQ/hzIhY6pdDnbBtz7DjPTKrY00P/zvPSm5pOFkl6xuGrGnXn/VtTNNfNtAfZ9/1RtehkszU9qcTii0Q=="
                },
                "diff": {
                    "version": "4.0.2",
                    "resolved": "https://registry.npmjs.org/diff/-/diff-4.0.2.tgz",
                    "integrity": "sha512-58lmxKSA4BNyLz+HHMUzlOEpg09FV+ev6ZMe3vJihgdxzgcwZ8VoEEPmALCZG9LmqfVoNMMKpttIYTVG6uDY7A=="
                },
                "highlight.js": {
                    "version": "10.0.2",
                    "resolved": "https://registry.npmjs.org/highlight.js/-/highlight.js-10.0.2.tgz",
                    "integrity": "sha512-2gMT2MHU6/2OjAlnaOE2LFdr9dwviDN3Q2lSw7Ois3/5uTtahbgYTkr4EPoY828ps+2eQWiixPTF8+phU6Ofkg==",
                    "optional": true
                },
                "hogan.js": {
                    "version": "3.0.2",
                    "resolved": "https://registry.npmjs.org/hogan.js/-/hogan.js-3.0.2.tgz",
                    "integrity": "sha1-TNnhq9QpQUbnZ55B14mHMrAse/0=",
                    "requires": {
                        "mkdirp": "0.3.0",
                        "nopt": "1.0.10"
                    }
                },
                "mkdirp": {
                    "version": "0.3.0",
                    "resolved": "https://registry.npmjs.org/mkdirp/-/mkdirp-0.3.0.tgz",
                    "integrity": "sha1-G79asbqCevI1dRQ0kEJkVfSB/h4="
                },
                "nopt": {
                    "version": "1.0.10",
                    "resolved": "https://registry.npmjs.org/nopt/-/nopt-1.0.10.tgz",
                    "integrity": "sha1-bd0hvSoxQXuScn3Vhfim83YI6+4=",
                    "requires": {
                        "abbrev": "1"
                    }
                }
            }
        },
        "jquery": {
            "version": "3.5.1",
            "resolved": "https://registry.npmjs.org/jquery/-/jquery-3.5.1.tgz",
            "integrity": "sha512-XwIBPqcMn57FxfT+Go5pzySnm4KWkT1Tv7gjrpT1srtf8Weynl6R273VJ5GjkRb51IzMp5nbaPjJXMWeju2MKg=="
        },
        "moment": {
            "version": "2.27.0",
            "resolved": "https://registry.npmjs.org/moment/-/moment-2.27.0.tgz",
            "integrity": "sha512-al0MUK7cpIcglMv3YF13qSgdAIqxHTO7brRtaz3DlSULbqfazqkc5kEjNrLDOM7fsjshoFIihnU8snrP7zUvhQ=="
        },
        "redux": {
            "version": "4.0.5",
            "resolved": "https://registry.npmjs.org/redux/-/redux-4.0.5.tgz",
            "integrity": "sha512-VSz1uMAH24DM6MF72vcojpYPtrTUu3ByVWfPL1nPfVRb5mZVTve5GnNCUV53QM/BZ66xfWrm0CTWoM+Xlz8V1w==",
            "requires": {
                "loose-envify": "^1.4.0",
                "symbol-observable": "^1.2.0"
            },
            "dependencies": {
                "js-tokens": {
                    "version": "4.0.0",
                    "resolved": "https://registry.npmjs.org/js-tokens/-/js-tokens-4.0.0.tgz",
                    "integrity": "sha512-RdJUflcE3cUzKiMqQgsCu06FPu9UdIJO0beYbPhHN4k6apgJtifcoCtT9bcxOpYBtpD2kCM6Sbzg4CausW/PKQ=="
                },
                "loose-envify": {
                    "version": "1.4.0",
                    "resolved": "https://registry.npmjs.org/loose-envify/-/loose-envify-1.4.0.tgz",
                    "integrity": "sha512-lyuxPGr/Wfhrlem2CL/UcnUc1zcqKAImBDzukY7Y5F/yQiNdko6+fRLevlw1HgMySw7f611UIY408EtxRSoK3Q==",
                    "requires": {
                        "js-tokens": "^3.0.0 || ^4.0.0"
                    }
                },
                "symbol-observable": {
                    "version": "1.2.0",
                    "resolved": "https://registry.npmjs.org/symbol-observable/-/symbol-observable-1.2.0.tgz",
                    "integrity": "sha512-e900nM8RRtGhlV36KGEU9k65K3mPb1WV70OdjfxlG2EAuM1noi/E/BaW/uMhL7bPEssK8QV57vN3esixjUvcXQ=="
                }
            }
        },
        "underscore": {
            "version": "1.10.2",
            "resolved": "https://registry.npmjs.org/underscore/-/underscore-1.10.2.tgz",
            "integrity": "sha512-N4P+Q/BuyuEKFJ43B9gYuOj4TQUHXX+j2FqguVOpjkssLUUrnJofCcBccJSCoeturDoZU6GorDTHSvUDlSQbTg=="
        }
    }
}
